
Terraform used the selected providers to generate the following execution
plan. Resource actions are indicated with the following symbols:
  [32m+[0m create[0m

Terraform will perform the following actions:

[1m  # yandex_compute_instance.node01[0m will be created
[0m  [32m+[0m[0m resource "yandex_compute_instance" "node01" {
      [32m+[0m[0m allow_stopping_for_update = true
      [32m+[0m[0m created_at                = (known after apply)
      [32m+[0m[0m folder_id                 = (known after apply)
      [32m+[0m[0m fqdn                      = (known after apply)
      [32m+[0m[0m gpu_cluster_id            = (known after apply)
      [32m+[0m[0m hostname                  = "node01.netology.cloud"
      [32m+[0m[0m id                        = (known after apply)
      [32m+[0m[0m metadata                  = {
          [32m+[0m[0m "ssh-keys" = <<-EOT
                debian:ssh-ed25519 AAAAC3NzaC1lZDI1NTE5AAAAIPilgWm/wKK2a0h+nak0zIUZIQf+9nID1w34KzdGq9Rm aakutukov@kutukov-linux-nb
            EOT
        }
      [32m+[0m[0m name                      = "node01"
      [32m+[0m[0m network_acceleration_type = "standard"
      [32m+[0m[0m platform_id               = "standard-v1"
      [32m+[0m[0m service_account_id        = (known after apply)
      [32m+[0m[0m status                    = (known after apply)
      [32m+[0m[0m zone                      = "ru-central1-a"

      [32m+[0m[0m boot_disk {
          [32m+[0m[0m auto_delete = true
          [32m+[0m[0m device_name = (known after apply)
          [32m+[0m[0m disk_id     = (known after apply)
          [32m+[0m[0m mode        = (known after apply)

          [32m+[0m[0m initialize_params {
              [32m+[0m[0m block_size  = (known after apply)
              [32m+[0m[0m description = (known after apply)
              [32m+[0m[0m image_id    = "fd8mpt9fbmcvusflf0lr"
              [32m+[0m[0m name        = "root-node01"
              [32m+[0m[0m size        = 50
              [32m+[0m[0m snapshot_id = (known after apply)
              [32m+[0m[0m type        = "network-nvme"
            }
        }

      [32m+[0m[0m network_interface {
          [32m+[0m[0m index              = (known after apply)
          [32m+[0m[0m ip_address         = (known after apply)
          [32m+[0m[0m ipv4               = true
          [32m+[0m[0m ipv6               = (known after apply)
          [32m+[0m[0m ipv6_address       = (known after apply)
          [32m+[0m[0m mac_address        = (known after apply)
          [32m+[0m[0m nat                = true
          [32m+[0m[0m nat_ip_address     = (known after apply)
          [32m+[0m[0m nat_ip_version     = (known after apply)
          [32m+[0m[0m security_group_ids = (known after apply)
          [32m+[0m[0m subnet_id          = (known after apply)
        }

      [32m+[0m[0m resources {
          [32m+[0m[0m core_fraction = 100
          [32m+[0m[0m cores         = 8
          [32m+[0m[0m memory        = 8
        }
    }

[1m  # yandex_vpc_network.default[0m will be created
[0m  [32m+[0m[0m resource "yandex_vpc_network" "default" {
      [32m+[0m[0m created_at                = (known after apply)
      [32m+[0m[0m default_security_group_id = (known after apply)
      [32m+[0m[0m folder_id                 = (known after apply)
      [32m+[0m[0m id                        = (known after apply)
      [32m+[0m[0m labels                    = (known after apply)
      [32m+[0m[0m name                      = "net"
      [32m+[0m[0m subnet_ids                = (known after apply)
    }

[1m  # yandex_vpc_subnet.default[0m will be created
[0m  [32m+[0m[0m resource "yandex_vpc_subnet" "default" {
      [32m+[0m[0m created_at     = (known after apply)
      [32m+[0m[0m folder_id      = (known after apply)
      [32m+[0m[0m id             = (known after apply)
      [32m+[0m[0m labels         = (known after apply)
      [32m+[0m[0m name           = "subnet"
      [32m+[0m[0m network_id     = (known after apply)
      [32m+[0m[0m v4_cidr_blocks = [
          [32m+[0m[0m "192.168.101.0/24",
        ]
      [32m+[0m[0m v6_cidr_blocks = (known after apply)
      [32m+[0m[0m zone           = "ru-central1-a"
    }

[1mPlan:[0m 3 to add, 0 to change, 0 to destroy.
[0m
Changes to Outputs:
  [32m+[0m[0m external_ip_address_node01_yandex_cloud = (known after apply)
  [32m+[0m[0m internal_ip_address_node01_yandex_cloud = (known after apply)
[0m[1m
Do you want to perform these actions?[0m
  Terraform will perform the actions described above.
  Only 'yes' will be accepted to approve.

  [1mEnter a value:[0m [0m
Apply cancelled.
